{
  "name": "cookie-store",
  "version": "1.0.2",
  "lockfileVersion": 3,
  "requires": true,
  "packages": {
    "": {
      "name": "cookie-store",
      "version": "1.0.2",
      "license": "ISC",
      "dependencies": {
        "@types/node": "^18.13.0",
        "listenable": "github:waspyro/ts-listenable",
        "mkdirp": "github:waspyro/node-mkdirp"
      },
      "devDependencies": {
        "persistorm": "github:waspyro/persistorm"
      }
    },
    "node_modules/@types/node": {
      "version": "18.15.0",
      "resolved": "https://registry.npmjs.org/@types/node/-/node-18.15.0.tgz",
      "integrity": "sha512-z6nr0TTEOBGkzLGmbypWOGnpSpSIBorEhC4L+4HeQ2iezKCi4f77kyslRwvHeNitymGQ+oFyIWGP96l/DPSV9w=="
    },
    "node_modules/listenable": {
      "version": "1.0.0",
      "resolved": "git+ssh://git@github.com/waspyro/ts-listenable.git#6a49d4207e4ea0003426d8d7049656e7b85ed885",
      "license": "ISC"
    },
    "node_modules/mkdirp": {
      "version": "1.1.1",
      "resolved": "git+ssh://git@github.com/waspyro/node-mkdirp.git#aab81d6b219b82624c9c12c0e5de0ef5ae59f377",
      "license": "ISC"
    },
    "node_modules/persistorm": {
      "version": "2.0.1",
      "resolved": "git+ssh://git@github.com/waspyro/persistorm.git#2ee9a592a0ab0a608b1bd0dbb5f07886b2cc5dc4",
      "dev": true,
      "license": "ISC",
      "dependencies": {
        "mkdirp": "github:waspyro/node-mkdirp"
      }
    }
  }
}
