{
  "name": "cookie-store",
  "version": "1.0.0",
  "lockfileVersion": 3,
  "requires": true,
  "packages": {
    "": {
      "name": "cookie-store",
      "version": "1.0.0",
      "license": "ISC",
      "dependencies": {
        "@types/node": "^18.13.0",
        "mkdirp": "github:waspyro/node-mkdirp"
      },
      "devDependencies": {
        "persistorm": "github:waspyro/persistorm"
      }
    },
    "node_modules/@types/node": {
      "version": "18.13.0",
      "resolved": "https://registry.npmjs.org/@types/node/-/node-18.13.0.tgz",
      "integrity": "sha512-gC3TazRzGoOnoKAhUx+Q0t8S9Tzs74z7m0ipwGpSqQrleP14hKxP4/JUeEQcD3W1/aIpnWl8pHowI7WokuZpXg=="
    },
    "node_modules/mkdirp": {
      "version": "1.1.1",
      "resolved": "git+ssh://git@github.com/waspyro/node-mkdirp.git#aab81d6b219b82624c9c12c0e5de0ef5ae59f377",
      "license": "ISC"
    },
    "node_modules/persistorm": {
      "version": "2.0.1",
      "resolved": "git+ssh://git@github.com/waspyro/persistorm.git#2b1ba4d1ca26cff567b5c8dd59082a39fa538ca2",
      "dev": true,
      "license": "ISC",
      "dependencies": {
        "mkdirp": "github:waspyro/node-mkdirp"
      }
    }
  }
}
